// !$*UTF8*$!
{
	archiveVersion = 1;
	classes = {
	};
	objectVersion = 77;
	objects = {

/* Begin PBXBuildFile section */
		A1B2C3D4E5F600000000002B /* TonneCore in Frameworks */ = {isa = PBXBuildFile; productRef = A1B2C3D4E5F6000000000029 /* TonneCore */; };
		A1B2C3D4E5F600000000002C /* TonneCore in Frameworks */ = {isa = PBXBuildFile; productRef = A1B2C3D4E5F600000000002A /* TonneCore */; };
		A1B2C3D4E5F600000000005D /* TonneCore in Frameworks */ = {isa = PBXBuildFile; productRef = A1B2C3D4E5F600000000005C /* TonneCore */; };
		A1B2C3D4E5F6000000000072 /* TonneCore in Frameworks */ = {isa = PBXBuildFile; productRef = A1B2C3D4E5F6000000000071 /* TonneCore */; };
		A1B2C3D4E5F6000000000033 /* TonneWidget.appex in Embed Foundation Extensions */ = {isa = PBXBuildFile; fileRef = A1B2C3D4E5F6000000000015 /* TonneWidget.appex */; settings = {ATTRIBUTES = (RemoveHeadersOnCopy, ); }; };
		A1B2C3D4E5F6000000000079 /* TonneWatch.app in Embed Watch Content */ = {isa = PBXBuildFile; fileRef = A1B2C3D4E5F6000000000051 /* TonneWatch.app */; settings = {ATTRIBUTES = (RemoveHeadersOnCopy, ); }; };
		A1B2C3D4E5F600000000007D /* TonneWatchWidget.appex in Embed Foundation Extensions */ = {isa = PBXBuildFile; fileRef = A1B2C3D4E5F6000000000065 /* TonneWatchWidget.appex */; settings = {ATTRIBUTES = (RemoveHeadersOnCopy, ); }; };
/* End PBXBuildFile section */

/* Begin PBXContainerItemProxy section */
		A1B2C3D4E5F6000000000035 /* PBXContainerItemProxy */ = {
			isa = PBXContainerItemProxy;
			containerPortal = A1B2C3D4E5F600000000000A /* Project object */;
			proxyType = 1;
			remoteGlobalIDString = A1B2C3D4E5F600000000001A;
			remoteInfo = TonneWidget;
		};
		A1B2C3D4E5F600000000007B /* PBXContainerItemProxy */ = {
			isa = PBXContainerItemProxy;
			containerPortal = A1B2C3D4E5F600000000000A /* Project object */;
			proxyType = 1;
			remoteGlobalIDString = A1B2C3D4E5F6000000000056;
			remoteInfo = TonneWatch;
		};
		A1B2C3D4E5F600000000007F /* PBXContainerItemProxy */ = {
			isa = PBXContainerItemProxy;
			containerPortal = A1B2C3D4E5F600000000000A /* Project object */;
			proxyType = 1;
			remoteGlobalIDString = A1B2C3D4E5F600000000006A;
			remoteInfo = TonneWatchWidget;
		};
/* End PBXContainerItemProxy section */

/* Begin PBXCopyFilesBuildPhase section */
		A1B2C3D4E5F6000000000032 /* Embed Foundation Extensions */ = {
			isa = PBXCopyFilesBuildPhase;
			buildActionMask = 2147483647;
			dstPath = "";
			dstSubfolderSpec = 13;
			files = (
				A1B2C3D4E5F6000000000033 /* TonneWidget.appex in Embed Foundation Extensions */,
			);
			name = "Embed Foundation Extensions";
			runOnlyForDeploymentPostprocessing = 0;
		};
		A1B2C3D4E5F6000000000078 /* Embed Watch Content */ = {
			isa = PBXCopyFilesBuildPhase;
			buildActionMask = 2147483647;
			dstPath = "$(CONTENTS_FOLDER_PATH)/Watch";
			dstSubfolderSpec = 16;
			files = (
				A1B2C3D4E5F6000000000079 /* TonneWatch.app in Embed Watch Content */,
			);
			name = "Embed Watch Content";
			runOnlyForDeploymentPostprocessing = 0;
		};
		A1B2C3D4E5F600000000007C /* Embed Foundation Extensions */ = {
			isa = PBXCopyFilesBuildPhase;
			buildActionMask = 2147483647;
			dstPath = "";
			dstSubfolderSpec = 13;
			files = (
				A1B2C3D4E5F600000000007D /* TonneWatchWidget.appex in Embed Foundation Extensions */,
			);
			name = "Embed Foundation Extensions";
			runOnlyForDeploymentPostprocessing = 0;
		};
/* End PBXCopyFilesBuildPhase section */

/* Begin PBXFileReference section */
		A1B2C3D4E5F6000000000001 /* Tonne & Torte.app */ = {isa = PBXFileReference; explicitFileType = wrapper.application; includeInIndex = 0; path = "Tonne & Torte.app"; sourceTree = BUILT_PRODUCTS_DIR; };
		A1B2C3D4E5F6000000000015 /* TonneWidget.appex */ = {isa = PBXFileReference; explicitFileType = "wrapper.app-extension"; includeInIndex = 0; path = TonneWidget.appex; sourceTree = BUILT_PRODUCTS_DIR; };
		A1B2C3D4E5F6000000000051 /* TonneWatch.app */ = {isa = PBXFileReference; explicitFileType = wrapper.application; includeInIndex = 0; path = TonneWatch.app; sourceTree = BUILT_PRODUCTS_DIR; };
		A1B2C3D4E5F6000000000065 /* TonneWatchWidget.appex */ = {isa = PBXFileReference; explicitFileType = "wrapper.app-extension"; includeInIndex = 0; path = TonneWatchWidget.appex; sourceTree = BUILT_PRODUCTS_DIR; };
		A1B2C3D4E5F600000000003D /* TonneUndTorte.entitlements */ = {isa = PBXFileReference; lastKnownFileType = text.plist.entitlements; path = TonneUndTorte.entitlements; sourceTree = "<group>"; };
		A1B2C3D4E5F600000000003E /* TonneWidget.entitlements */ = {isa = PBXFileReference; lastKnownFileType = text.plist.entitlements; path = TonneWidget.entitlements; sourceTree = "<group>"; };
		A1B2C3D4E5F6000000000082 /* TonneWatch.entitlements */ = {isa = PBXFileReference; lastKnownFileType = text.plist.entitlements; path = TonneWatch.entitlements; sourceTree = "<group>"; };
		A1B2C3D4E5F6000000000083 /* TonneWatchWidget.entitlements */ = {isa = PBXFileReference; lastKnownFileType = text.plist.entitlements; path = TonneWatchWidget.entitlements; sourceTree = "<group>"; };
		A1B2C3D4E5F600000000003F /* TonneUndTorte-Info.plist */ = {isa = PBXFileReference; lastKnownFileType = text.plist.xml; path = "TonneUndTorte-Info.plist"; sourceTree = "<group>"; };
		A1B2C3D4E5F6000000000040 /* TonneWidget-Info.plist */ = {isa = PBXFileReference; lastKnownFileType = text.plist.xml; path = "TonneWidget-Info.plist"; sourceTree = "<group>"; };
		A1B2C3D4E5F6000000000084 /* TonneWatchWidget-Info.plist */ = {isa = PBXFileReference; lastKnownFileType = text.plist.xml; path = "TonneWatchWidget-Info.plist"; sourceTree = "<group>"; };
/* End PBXFileReference section */

/* Begin PBXFileSystemSynchronizedRootGroup section */
		A1B2C3D4E5F6000000000002 /* TonneUndTorte */ = {
			isa = PBXFileSystemSynchronizedRootGroup;
			path = TonneUndTorte;
			sourceTree = "<group>";
		};
		A1B2C3D4E5F6000000000016 /* TonneWidget */ = {
			isa = PBXFileSystemSynchronizedRootGroup;
			path = TonneWidget;
			sourceTree = "<group>";
		};
		A1B2C3D4E5F6000000000052 /* TonneWatch */ = {
			isa = PBXFileSystemSynchronizedRootGroup;
			path = TonneWatch;
			sourceTree = "<group>";
		};
		A1B2C3D4E5F6000000000066 /* TonneWatchWidget */ = {
			isa = PBXFileSystemSynchronizedRootGroup;
			path = TonneWatchWidget;
			sourceTree = "<group>";
		};
		A1B2C3D4E5F6000000000070 /* Shared */ = {
			isa = PBXFileSystemSynchronizedRootGroup;
			path = Shared;
			sourceTree = "<group>";
		};
/* End PBXFileSystemSynchronizedRootGroup section */

/* Begin PBXFrameworksBuildPhase section */
		A1B2C3D4E5F6000000000003 /* Frameworks */ = {
			isa = PBXFrameworksBuildPhase;
			buildActionMask = 2147483647;
			files = (
				A1B2C3D4E5F600000000002B /* TonneCore in Frameworks */,
			);
			runOnlyForDeploymentPostprocessing = 0;
		};
		A1B2C3D4E5F6000000000017 /* Frameworks */ = {
			isa = PBXFrameworksBuildPhase;
			buildActionMask = 2147483647;
			files = (
				A1B2C3D4E5F600000000002C /* TonneCore in Frameworks */,
			);
			runOnlyForDeploymentPostprocessing = 0;
		};
		A1B2C3D4E5F6000000000053 /* Frameworks */ = {
			isa = PBXFrameworksBuildPhase;
			buildActionMask = 2147483647;
			files = (
				A1B2C3D4E5F600000000005D /* TonneCore in Frameworks */,
			);
			runOnlyForDeploymentPostprocessing = 0;
		};
		A1B2C3D4E5F6000000000067 /* Frameworks */ = {
			isa = PBXFrameworksBuildPhase;
			buildActionMask = 2147483647;
			files = (
				A1B2C3D4E5F6000000000072 /* TonneCore in Frameworks */,
			);
			runOnlyForDeploymentPostprocessing = 0;
		};
/* End PBXFrameworksBuildPhase section */

/* Begin PBXGroup section */
		A1B2C3D4E5F6000000000004 = {
			isa = PBXGroup;
			children = (
				A1B2C3D4E5F6000000000002 /* TonneUndTorte */,
				A1B2C3D4E5F6000000000016 /* TonneWidget */,
				A1B2C3D4E5F6000000000052 /* TonneWatch */,
				A1B2C3D4E5F6000000000066 /* TonneWatchWidget */,
				A1B2C3D4E5F6000000000070 /* Shared */,
				A1B2C3D4E5F600000000003C /* Config */,
				A1B2C3D4E5F6000000000005 /* Products */,
			);
			sourceTree = "<group>";
		};
		A1B2C3D4E5F600000000003C /* Config */ = {
			isa = PBXGroup;
			children = (
				A1B2C3D4E5F600000000003D /* TonneUndTorte.entitlements */,
				A1B2C3D4E5F600000000003E /* TonneWidget.entitlements */,
				A1B2C3D4E5F6000000000082 /* TonneWatch.entitlements */,
				A1B2C3D4E5F6000000000083 /* TonneWatchWidget.entitlements */,
				A1B2C3D4E5F600000000003F /* TonneUndTorte-Info.plist */,
				A1B2C3D4E5F6000000000040 /* TonneWidget-Info.plist */,
				A1B2C3D4E5F6000000000084 /* TonneWatchWidget-Info.plist */,
			);
			path = Config;
			sourceTree = "<group>";
		};
		A1B2C3D4E5F6000000000005 /* Products */ = {
			isa = PBXGroup;
			children = (
				A1B2C3D4E5F6000000000001 /* Tonne & Torte.app */,
				A1B2C3D4E5F6000000000015 /* TonneWidget.appex */,
				A1B2C3D4E5F6000000000051 /* TonneWatch.app */,
				A1B2C3D4E5F6000000000065 /* TonneWatchWidget.appex */,
			);
			name = Products;
			sourceTree = "<group>";
		};
/* End PBXGroup section */

/* Begin PBXNativeTarget section */
		A1B2C3D4E5F6000000000006 /* Tonne & Torte */ = {
			isa = PBXNativeTarget;
			buildConfigurationList = A1B2C3D4E5F6000000000007 /* Build configuration list for PBXNativeTarget "Tonne & Torte" */;
			buildPhases = (
				A1B2C3D4E5F6000000000008 /* Sources */,
				A1B2C3D4E5F6000000000003 /* Frameworks */,
				A1B2C3D4E5F6000000000009 /* Resources */,
				A1B2C3D4E5F6000000000032 /* Embed Foundation Extensions */,
				A1B2C3D4E5F6000000000078 /* Embed Watch Content */,
			);
			buildRules = (
			);
			dependencies = (
				A1B2C3D4E5F6000000000034 /* PBXTargetDependency */,
				A1B2C3D4E5F600000000007A /* PBXTargetDependency */,
			);
			fileSystemSynchronizedGroups = (
				A1B2C3D4E5F6000000000002 /* TonneUndTorte */,
				A1B2C3D4E5F6000000000070 /* Shared */,
			);
			name = "Tonne & Torte";
			packageProductDependencies = (
				A1B2C3D4E5F6000000000029 /* TonneCore */,
			);
			productName = "Tonne & Torte";
			productReference = A1B2C3D4E5F6000000000001 /* Tonne & Torte.app */;
			productType = "com.apple.product-type.application";
		};
		A1B2C3D4E5F600000000001A /* TonneWidget */ = {
			isa = PBXNativeTarget;
			buildConfigurationList = A1B2C3D4E5F600000000001B /* Build configuration list for PBXNativeTarget "TonneWidget" */;
			buildPhases = (
				A1B2C3D4E5F600000000001C /* Sources */,
				A1B2C3D4E5F6000000000017 /* Frameworks */,
				A1B2C3D4E5F600000000001D /* Resources */,
			);
			buildRules = (
			);
			dependencies = (
			);
			fileSystemSynchronizedGroups = (
				A1B2C3D4E5F6000000000016 /* TonneWidget */,
				A1B2C3D4E5F6000000000070 /* Shared */,
			);
			name = TonneWidget;
			packageProductDependencies = (
				A1B2C3D4E5F600000000002A /* TonneCore */,
			);
			productName = TonneWidget;
			productReference = A1B2C3D4E5F6000000000015 /* TonneWidget.appex */;
			productType = "com.apple.product-type.app-extension";
		};
		A1B2C3D4E5F6000000000056 /* TonneWatch */ = {
			isa = PBXNativeTarget;
			buildConfigurationList = A1B2C3D4E5F6000000000057 /* Build configuration list for PBXNativeTarget "TonneWatch" */;
			buildPhases = (
				A1B2C3D4E5F6000000000058 /* Sources */,
				A1B2C3D4E5F6000000000053 /* Frameworks */,
				A1B2C3D4E5F6000000000059 /* Resources */,
				A1B2C3D4E5F600000000007C /* Embed Foundation Extensions */,
			);
			buildRules = (
			);
			dependencies = (
				A1B2C3D4E5F600000000007E /* PBXTargetDependency */,
			);
			fileSystemSynchronizedGroups = (
				A1B2C3D4E5F6000000000052 /* TonneWatch */,
				A1B2C3D4E5F6000000000070 /* Shared */,
			);
			name = TonneWatch;
			packageProductDependencies = (
				A1B2C3D4E5F600000000005C /* TonneCore */,
			);
			productName = TonneWatch;
			productReference = A1B2C3D4E5F6000000000051 /* TonneWatch.app */;
			productType = "com.apple.product-type.application";
		};
		A1B2C3D4E5F600000000006A /* TonneWatchWidget */ = {
			isa = PBXNativeTarget;
			buildConfigurationList = A1B2C3D4E5F600000000006B /* Build configuration list for PBXNativeTarget "TonneWatchWidget" */;
			buildPhases = (
				A1B2C3D4E5F600000000006C /* Sources */,
				A1B2C3D4E5F6000000000067 /* Frameworks */,
				A1B2C3D4E5F600000000006D /* Resources */,
			);
			buildRules = (
			);
			dependencies = (
			);
			fileSystemSynchronizedGroups = (
				A1B2C3D4E5F6000000000066 /* TonneWatchWidget */,
				A1B2C3D4E5F6000000000070 /* Shared */,
			);
			name = TonneWatchWidget;
			packageProductDependencies = (
				A1B2C3D4E5F6000000000071 /* TonneCore */,
			);
			productName = TonneWatchWidget;
			productReference = A1B2C3D4E5F6000000000065 /* TonneWatchWidget.appex */;
			productType = "com.apple.product-type.app-extension";
		};
/* End PBXNativeTarget section */

/* Begin PBXProject section */
		A1B2C3D4E5F600000000000A /* Project object */ = {
			isa = PBXProject;
			attributes = {
				BuildIndependentTargetsInParallel = 1;
				LastSwiftUpdateCheck = 1600;
				LastUpgradeCheck = 1600;
				TargetAttributes = {
					A1B2C3D4E5F6000000000006 = {
						CreatedOnToolsVersion = 16.0;
					};
					A1B2C3D4E5F600000000001A = {
						CreatedOnToolsVersion = 16.0;
					};
					A1B2C3D4E5F6000000000056 = {
						CreatedOnToolsVersion = 16.0;
					};
					A1B2C3D4E5F600000000006A = {
						CreatedOnToolsVersion = 16.0;
					};
				};
			};
			buildConfigurationList = A1B2C3D4E5F600000000000B /* Build configuration list for PBXProject "TonneUndTorte" */;
			developmentRegion = de;
			hasScannedForEncodings = 0;
			knownRegions = (
				de,
				en,
				Base,
			);
			mainGroup = A1B2C3D4E5F6000000000004;
			minimizedProjectReferenceProxies = 1;
			packageReferences = (
				A1B2C3D4E5F6000000000028 /* XCLocalSwiftPackageReference "TonneCore" */,
			);
			preferredProjectObjectVersion = 77;
			productRefGroup = A1B2C3D4E5F6000000000005 /* Products */;
			projectDirPath = "";
			projectRoot = "";
			targets = (
				A1B2C3D4E5F6000000000006 /* Tonne & Torte */,
				A1B2C3D4E5F600000000001A /* TonneWidget */,
				A1B2C3D4E5F6000000000056 /* TonneWatch */,
				A1B2C3D4E5F600000000006A /* TonneWatchWidget */,
			);
		};
/* End PBXProject section */

/* Begin PBXResourcesBuildPhase section */
		A1B2C3D4E5F6000000000009 /* Resources */ = {
			isa = PBXResourcesBuildPhase;
			buildActionMask = 2147483647;
			files = (
			);
			runOnlyForDeploymentPostprocessing = 0;
		};
		A1B2C3D4E5F600000000001D /* Resources */ = {
			isa = PBXResourcesBuildPhase;
			buildActionMask = 2147483647;
			files = (
			);
			runOnlyForDeploymentPostprocessing = 0;
		};
		A1B2C3D4E5F6000000000059 /* Resources */ = {
			isa = PBXResourcesBuildPhase;
			buildActionMask = 2147483647;
			files = (
			);
			runOnlyForDeploymentPostprocessing = 0;
		};
		A1B2C3D4E5F600000000006D /* Resources */ = {
			isa = PBXResourcesBuildPhase;
			buildActionMask = 2147483647;
			files = (
			);
			runOnlyForDeploymentPostprocessing = 0;
		};
/* End PBXResourcesBuildPhase section */

/* Begin PBXSourcesBuildPhase section */
		A1B2C3D4E5F6000000000008 /* Sources */ = {
			isa = PBXSourcesBuildPhase;
			buildActionMask = 2147483647;
			files = (
			);
			runOnlyForDeploymentPostprocessing = 0;
		};
		A1B2C3D4E5F600000000001C /* Sources */ = {
			isa = PBXSourcesBuildPhase;
			buildActionMask = 2147483647;
			files = (
			);
			runOnlyForDeploymentPostprocessing = 0;
		};
		A1B2C3D4E5F6000000000058 /* Sources */ = {
			isa = PBXSourcesBuildPhase;
			buildActionMask = 2147483647;
			files = (
			);
			runOnlyForDeploymentPostprocessing = 0;
		};
		A1B2C3D4E5F600000000006C /* Sources */ = {
			isa = PBXSourcesBuildPhase;
			buildActionMask = 2147483647;
			files = (
			);
			runOnlyForDeploymentPostprocessing = 0;
		};
/* End PBXSourcesBuildPhase section */

/* Begin PBXTargetDependency section */
		A1B2C3D4E5F6000000000034 /* PBXTargetDependency */ = {
			isa = PBXTargetDependency;
			target = A1B2C3D4E5F600000000001A /* TonneWidget */;
			targetProxy = A1B2C3D4E5F6000000000035 /* PBXContainerItemProxy */;
		};
		A1B2C3D4E5F600000000007A /* PBXTargetDependency */ = {
			isa = PBXTargetDependency;
			target = A1B2C3D4E5F6000000000056 /* TonneWatch */;
			targetProxy = A1B2C3D4E5F600000000007B /* PBXContainerItemProxy */;
		};
		A1B2C3D4E5F600000000007E /* PBXTargetDependency */ = {
			isa = PBXTargetDependency;
			target = A1B2C3D4E5F600000000006A /* TonneWatchWidget */;
			targetProxy = A1B2C3D4E5F600000000007F /* PBXContainerItemProxy */;
		};
/* End PBXTargetDependency section */

/* Begin XCBuildConfiguration section */
		A1B2C3D4E5F600000000000C /* Debug */ = {
			isa = XCBuildConfiguration;
			buildSettings = {
				ALWAYS_SEARCH_USER_PATHS = NO;
				ASSETCATALOG_COMPILER_GENERATE_SWIFT_ASSET_SYMBOL_EXTENSIONS = YES;
				CLANG_ANALYZER_NONNULL = YES;
				CLANG_CXX_LANGUAGE_STANDARD = "gnu++20";
				CLANG_ENABLE_MODULES = YES;
				CLANG_ENABLE_OBJC_ARC = YES;
				CLANG_WARN_DOCUMENTATION_COMMENTS = YES;
				CLANG_WARN_UNGUARDED_AVAILABILITY = YES_AGGRESSIVE;
				COPY_PHASE_STRIP = NO;
				ENABLE_STRICT_OBJC_MSGSEND = YES;
				ENABLE_USER_SCRIPT_SANDBOXING = YES;
				GCC_C_LANGUAGE_STANDARD = gnu17;
				GCC_NO_COMMON_BLOCKS = YES;
				GCC_WARN_ABOUT_RETURN_TYPE = YES_ERROR;
				GCC_WARN_UNINITIALIZED_AUTOS = YES_AGGRESSIVE;
				IPHONEOS_DEPLOYMENT_TARGET = 17.0;
				WATCHOS_DEPLOYMENT_TARGET = 10.0;
				LOCALIZATION_PREFERS_STRING_CATALOGS = YES;
				SDKROOT = iphoneos;
				SWIFT_VERSION = 5.0;
				DEBUG_INFORMATION_FORMAT = dwarf;
				ENABLE_TESTABILITY = YES;
				GCC_OPTIMIZATION_LEVEL = 0;
				GCC_PREPROCESSOR_DEFINITIONS = (
					"DEBUG=1",
					"$(inherited)",
				);
				MTL_ENABLE_DEBUG_INFO = INCLUDE_SOURCE;
				ONLY_ACTIVE_ARCH = YES;
				SWIFT_ACTIVE_COMPILATION_CONDITIONS = "DEBUG $(inherited)";
				SWIFT_OPTIMIZATION_LEVEL = "-Onone";
			};
			name = Debug;
		};
		A1B2C3D4E5F600000000000D /* Release */ = {
			isa = XCBuildConfiguration;
			buildSettings = {
				ALWAYS_SEARCH_USER_PATHS = NO;
				ASSETCATALOG_COMPILER_GENERATE_SWIFT_ASSET_SYMBOL_EXTENSIONS = YES;
				CLANG_ANALYZER_NONNULL = YES;
				CLANG_CXX_LANGUAGE_STANDARD = "gnu++20";
				CLANG_ENABLE_MODULES = YES;
				CLANG_ENABLE_OBJC_ARC = YES;
				CLANG_WARN_DOCUMENTATION_COMMENTS = YES;
				CLANG_WARN_UNGUARDED_AVAILABILITY = YES_AGGRESSIVE;
				COPY_PHASE_STRIP = NO;
				ENABLE_STRICT_OBJC_MSGSEND = YES;
				ENABLE_USER_SCRIPT_SANDBOXING = YES;
				GCC_C_LANGUAGE_STANDARD = gnu17;
				GCC_NO_COMMON_BLOCKS = YES;
				GCC_WARN_ABOUT_RETURN_TYPE = YES_ERROR;
				GCC_WARN_UNINITIALIZED_AUTOS = YES_AGGRESSIVE;
				IPHONEOS_DEPLOYMENT_TARGET = 17.0;
				WATCHOS_DEPLOYMENT_TARGET = 10.0;
				LOCALIZATION_PREFERS_STRING_CATALOGS = YES;
				SDKROOT = iphoneos;
				SWIFT_VERSION = 5.0;
				DEBUG_INFORMATION_FORMAT = "dwarf-with-dsym";
				ENABLE_NS_ASSERTIONS = NO;
				MTL_ENABLE_DEBUG_INFO = NO;
				SWIFT_COMPILATION_MODE = wholemodule;
				VALIDATE_PRODUCT = YES;
			};
			name = Release;
		};
		A1B2C3D4E5F600000000000E /* Debug */ = {
			isa = XCBuildConfiguration;
			buildSettings = {
				ASSETCATALOG_COMPILER_APPICON_NAME = AppIcon;
				ASSETCATALOG_COMPILER_GLOBAL_ACCENT_COLOR_NAME = AccentColor;
				CODE_SIGN_ENTITLEMENTS = Config/TonneUndTorte.entitlements;
				CODE_SIGN_STYLE = Automatic;
				CURRENT_PROJECT_VERSION = 1;
				DEVELOPMENT_TEAM = "";
				ENABLE_PREVIEWS = YES;
				GENERATE_INFOPLIST_FILE = YES;
				INFOPLIST_FILE = "Config/TonneUndTorte-Info.plist";
				INFOPLIST_KEY_CFBundleDisplayName = "Tonne & Torte";
				INFOPLIST_KEY_LSApplicationCategoryType = "public.app-category.productivity";
				INFOPLIST_KEY_UIApplicationSceneManifest_Generation = YES;
				INFOPLIST_KEY_UIApplicationSupportsIndirectInputEvents = YES;
				INFOPLIST_KEY_UILaunchScreen_Generation = YES;
				INFOPLIST_KEY_UISupportedInterfaceOrientations_iPad = "UIInterfaceOrientationPortrait UIInterfaceOrientationPortraitUpsideDown UIInterfaceOrientationLandscapeLeft UIInterfaceOrientationLandscapeRight";
				INFOPLIST_KEY_UISupportedInterfaceOrientations_iPhone = "UIInterfaceOrientationPortrait UIInterfaceOrientationLandscapeLeft UIInterfaceOrientationLandscapeRight";
				LD_RUNPATH_SEARCH_PATHS = (
					"$(inherited)",
					"@executable_path/Frameworks",
				);
				MARKETING_VERSION = 2.0;
				PRODUCT_BUNDLE_IDENTIFIER = de.manfahrer.TonneUndTorte;
				PRODUCT_NAME = "Tonne & Torte";
				SWIFT_EMIT_LOC_STRINGS = YES;
				TARGETED_DEVICE_FAMILY = "1,2";
			};
			name = Debug;
		};
		A1B2C3D4E5F600000000000F /* Release */ = {
			isa = XCBuildConfiguration;
			buildSettings = {
				ASSETCATALOG_COMPILER_APPICON_NAME = AppIcon;
				ASSETCATALOG_COMPILER_GLOBAL_ACCENT_COLOR_NAME = AccentColor;
				CODE_SIGN_ENTITLEMENTS = Config/TonneUndTorte.entitlements;
				CODE_SIGN_STYLE = Automatic;
				CURRENT_PROJECT_VERSION = 1;
				DEVELOPMENT_TEAM = "";
				ENABLE_PREVIEWS = YES;
				GENERATE_INFOPLIST_FILE = YES;
				INFOPLIST_FILE = "Config/TonneUndTorte-Info.plist";
				INFOPLIST_KEY_CFBundleDisplayName = "Tonne & Torte";
				INFOPLIST_KEY_LSApplicationCategoryType = "public.app-category.productivity";
				INFOPLIST_KEY_UIApplicationSceneManifest_Generation = YES;
				INFOPLIST_KEY_UIApplicationSupportsIndirectInputEvents = YES;
				INFOPLIST_KEY_UILaunchScreen_Generation = YES;
				INFOPLIST_KEY_UISupportedInterfaceOrientations_iPad = "UIInterfaceOrientationPortrait UIInterfaceOrientationPortraitUpsideDown UIInterfaceOrientationLandscapeLeft UIInterfaceOrientationLandscapeRight";
				INFOPLIST_KEY_UISupportedInterfaceOrientations_iPhone = "UIInterfaceOrientationPortrait UIInterfaceOrientationLandscapeLeft UIInterfaceOrientationLandscapeRight";
				LD_RUNPATH_SEARCH_PATHS = (
					"$(inherited)",
					"@executable_path/Frameworks",
				);
				MARKETING_VERSION = 2.0;
				PRODUCT_BUNDLE_IDENTIFIER = de.manfahrer.TonneUndTorte;
				PRODUCT_NAME = "Tonne & Torte";
				SWIFT_EMIT_LOC_STRINGS = YES;
				TARGETED_DEVICE_FAMILY = "1,2";
			};
			name = Release;
		};
		A1B2C3D4E5F600000000001E /* Debug */ = {
			isa = XCBuildConfiguration;
			buildSettings = {
				ASSETCATALOG_COMPILER_GLOBAL_ACCENT_COLOR_NAME = AccentColor;
				ASSETCATALOG_COMPILER_WIDGET_BACKGROUND_COLOR_NAME = WidgetBackground;
				CODE_SIGN_ENTITLEMENTS = Config/TonneWidget.entitlements;
				CODE_SIGN_STYLE = Automatic;
				CURRENT_PROJECT_VERSION = 1;
				DEVELOPMENT_TEAM = "";
				GENERATE_INFOPLIST_FILE = YES;
				INFOPLIST_FILE = "Config/TonneWidget-Info.plist";
				INFOPLIST_KEY_CFBundleDisplayName = "Tonne & Torte";
				INFOPLIST_KEY_NSHumanReadableCopyright = "";
				LD_RUNPATH_SEARCH_PATHS = (
					"$(inherited)",
					"@executable_path/Frameworks",
					"@executable_path/../../Frameworks",
				);
				MARKETING_VERSION = 2.0;
				PRODUCT_BUNDLE_IDENTIFIER = de.manfahrer.TonneUndTorte.TonneWidget;
				PRODUCT_NAME = "$(TARGET_NAME)";
				SKIP_INSTALL = YES;
				SWIFT_EMIT_LOC_STRINGS = YES;
				TARGETED_DEVICE_FAMILY = "1,2";
			};
			name = Debug;
		};
		A1B2C3D4E5F600000000001F /* Release */ = {
			isa = XCBuildConfiguration;
			buildSettings = {
				ASSETCATALOG_COMPILER_GLOBAL_ACCENT_COLOR_NAME = AccentColor;
				ASSETCATALOG_COMPILER_WIDGET_BACKGROUND_COLOR_NAME = WidgetBackground;
				CODE_SIGN_ENTITLEMENTS = Config/TonneWidget.entitlements;
				CODE_SIGN_STYLE = Automatic;
				CURRENT_PROJECT_VERSION = 1;
				DEVELOPMENT_TEAM = "";
				GENERATE_INFOPLIST_FILE = YES;
				INFOPLIST_FILE = "Config/TonneWidget-Info.plist";
				INFOPLIST_KEY_CFBundleDisplayName = "Tonne & Torte";
				INFOPLIST_KEY_NSHumanReadableCopyright = "";
				LD_RUNPATH_SEARCH_PATHS = (
					"$(inherited)",
					"@executable_path/Frameworks",
					"@executable_path/../../Frameworks",
				);
				MARKETING_VERSION = 2.0;
				PRODUCT_BUNDLE_IDENTIFIER = de.manfahrer.TonneUndTorte.TonneWidget;
				PRODUCT_NAME = "$(TARGET_NAME)";
				SKIP_INSTALL = YES;
				SWIFT_EMIT_LOC_STRINGS = YES;
				TARGETED_DEVICE_FAMILY = "1,2";
			};
			name = Release;
		};
		A1B2C3D4E5F600000000005A /* Debug */ = {
			isa = XCBuildConfiguration;
			buildSettings = {
				ASSETCATALOG_COMPILER_APPICON_NAME = AppIcon;
				ASSETCATALOG_COMPILER_GLOBAL_ACCENT_COLOR_NAME = AccentColor;
				CODE_SIGN_ENTITLEMENTS = Config/TonneWatch.entitlements;
				CODE_SIGN_STYLE = Automatic;
				CURRENT_PROJECT_VERSION = 1;
				DEVELOPMENT_TEAM = "";
				ENABLE_PREVIEWS = YES;
				GENERATE_INFOPLIST_FILE = YES;
				INFOPLIST_KEY_CFBundleDisplayName = "Tonne & Torte";
				INFOPLIST_KEY_UISupportedInterfaceOrientations = "UIInterfaceOrientationPortrait UIInterfaceOrientationPortraitUpsideDown";
				INFOPLIST_KEY_WKApplication = YES;
				INFOPLIST_KEY_WKCompanionAppBundleIdentifier = de.manfahrer.TonneUndTorte;
				INFOPLIST_KEY_WKRunsIndependentlyOfCompanionApp = NO;
				INFOPLIST_KEY_WKWatchOnly = NO;
				LD_RUNPATH_SEARCH_PATHS = (
					"$(inherited)",
					"@executable_path/Frameworks",
				);
				MARKETING_VERSION = 2.0;
				PRODUCT_BUNDLE_IDENTIFIER = de.manfahrer.TonneUndTorte.watchkitapp;
				PRODUCT_NAME = "$(TARGET_NAME)";
				SDKROOT = watchos;
				SKIP_INSTALL = YES;
				SWIFT_EMIT_LOC_STRINGS = YES;
				TARGETED_DEVICE_FAMILY = 4;
			};
			name = Debug;
		};
		A1B2C3D4E5F600000000005B /* Release */ = {
			isa = XCBuildConfiguration;
			buildSettings = {
				ASSETCATALOG_COMPILER_APPICON_NAME = AppIcon;
				ASSETCATALOG_COMPILER_GLOBAL_ACCENT_COLOR_NAME = AccentColor;
				CODE_SIGN_ENTITLEMENTS = Config/TonneWatch.entitlements;
				CODE_SIGN_STYLE = Automatic;
				CURRENT_PROJECT_VERSION = 1;
				DEVELOPMENT_TEAM = "";
				ENABLE_PREVIEWS = YES;
				GENERATE_INFOPLIST_FILE = YES;
				INFOPLIST_KEY_CFBundleDisplayName = "Tonne & Torte";
				INFOPLIST_KEY_UISupportedInterfaceOrientations = "UIInterfaceOrientationPortrait UIInterfaceOrientationPortraitUpsideDown";
				INFOPLIST_KEY_WKApplication = YES;
				INFOPLIST_KEY_WKCompanionAppBundleIdentifier = de.manfahrer.TonneUndTorte;
				INFOPLIST_KEY_WKRunsIndependentlyOfCompanionApp = NO;
				INFOPLIST_KEY_WKWatchOnly = NO;
				LD_RUNPATH_SEARCH_PATHS = (
					"$(inherited)",
					"@executable_path/Frameworks",
				);
				MARKETING_VERSION = 2.0;
				PRODUCT_BUNDLE_IDENTIFIER = de.manfahrer.TonneUndTorte.watchkitapp;
				PRODUCT_NAME = "$(TARGET_NAME)";
				SDKROOT = watchos;
				SKIP_INSTALL = YES;
				SWIFT_EMIT_LOC_STRINGS = YES;
				TARGETED_DEVICE_FAMILY = 4;
			};
			name = Release;
		};
		A1B2C3D4E5F600000000006E /* Debug */ = {
			isa = XCBuildConfiguration;
			buildSettings = {
				ASSETCATALOG_COMPILER_GLOBAL_ACCENT_COLOR_NAME = AccentColor;
				CODE_SIGN_ENTITLEMENTS = Config/TonneWatchWidget.entitlements;
				CODE_SIGN_STYLE = Automatic;
				CURRENT_PROJECT_VERSION = 1;
				DEVELOPMENT_TEAM = "";
				GENERATE_INFOPLIST_FILE = YES;
				INFOPLIST_FILE = "Config/TonneWatchWidget-Info.plist";
				INFOPLIST_KEY_CFBundleDisplayName = "Tonne & Torte";
				INFOPLIST_KEY_NSHumanReadableCopyright = "";
				LD_RUNPATH_SEARCH_PATHS = (
					"$(inherited)",
					"@executable_path/Frameworks",
					"@executable_path/../../Frameworks",
				);
				MARKETING_VERSION = 2.0;
				PRODUCT_BUNDLE_IDENTIFIER = de.manfahrer.TonneUndTorte.watchkitapp.TonneWatchWidget;
				PRODUCT_NAME = "$(TARGET_NAME)";
				SDKROOT = watchos;
				SKIP_INSTALL = YES;
				SWIFT_EMIT_LOC_STRINGS = YES;
				TARGETED_DEVICE_FAMILY = 4;
			};
			name = Debug;
		};
		A1B2C3D4E5F600000000006F /* Release */ = {
			isa = XCBuildConfiguration;
			buildSettings = {
				ASSETCATALOG_COMPILER_GLOBAL_ACCENT_COLOR_NAME = AccentColor;
				CODE_SIGN_ENTITLEMENTS = Config/TonneWatchWidget.entitlements;
				CODE_SIGN_STYLE = Automatic;
				CURRENT_PROJECT_VERSION = 1;
				DEVELOPMENT_TEAM = "";
				GENERATE_INFOPLIST_FILE = YES;
				INFOPLIST_FILE = "Config/TonneWatchWidget-Info.plist";
				INFOPLIST_KEY_CFBundleDisplayName = "Tonne & Torte";
				INFOPLIST_KEY_NSHumanReadableCopyright = "";
				LD_RUNPATH_SEARCH_PATHS = (
					"$(inherited)",
					"@executable_path/Frameworks",
					"@executable_path/../../Frameworks",
				);
				MARKETING_VERSION = 2.0;
				PRODUCT_BUNDLE_IDENTIFIER = de.manfahrer.TonneUndTorte.watchkitapp.TonneWatchWidget;
				PRODUCT_NAME = "$(TARGET_NAME)";
				SDKROOT = watchos;
				SKIP_INSTALL = YES;
				SWIFT_EMIT_LOC_STRINGS = YES;
				TARGETED_DEVICE_FAMILY = 4;
			};
			name = Release;
		};
/* End XCBuildConfiguration section */

/* Begin XCConfigurationList section */
		A1B2C3D4E5F600000000000B /* Build configuration list for PBXProject "TonneUndTorte" */ = {
			isa = XCConfigurationList;
			buildConfigurations = (
				A1B2C3D4E5F600000000000C /* Debug */,
				A1B2C3D4E5F600000000000D /* Release */,
			);
			defaultConfigurationIsVisible = 0;
			defaultConfigurationName = Release;
		};
		A1B2C3D4E5F6000000000007 /* Build configuration list for PBXNativeTarget "Tonne & Torte" */ = {
			isa = XCConfigurationList;
			buildConfigurations = (
				A1B2C3D4E5F600000000000E /* Debug */,
				A1B2C3D4E5F600000000000F /* Release */,
			);
			defaultConfigurationIsVisible = 0;
			defaultConfigurationName = Release;
		};
		A1B2C3D4E5F600000000001B /* Build configuration list for PBXNativeTarget "TonneWidget" */ = {
			isa = XCConfigurationList;
			buildConfigurations = (
				A1B2C3D4E5F600000000001E /* Debug */,
				A1B2C3D4E5F600000000001F /* Release */,
			);
			defaultConfigurationIsVisible = 0;
			defaultConfigurationName = Release;
		};
		A1B2C3D4E5F6000000000057 /* Build configuration list for PBXNativeTarget "TonneWatch" */ = {
			isa = XCConfigurationList;
			buildConfigurations = (
				A1B2C3D4E5F600000000005A /* Debug */,
				A1B2C3D4E5F600000000005B /* Release */,
			);
			defaultConfigurationIsVisible = 0;
			defaultConfigurationName = Release;
		};
		A1B2C3D4E5F600000000006B /* Build configuration list for PBXNativeTarget "TonneWatchWidget" */ = {
			isa = XCConfigurationList;
			buildConfigurations = (
				A1B2C3D4E5F600000000006E /* Debug */,
				A1B2C3D4E5F600000000006F /* Release */,
			);
			defaultConfigurationIsVisible = 0;
			defaultConfigurationName = Release;
		};
/* End XCConfigurationList section */

/* Begin XCLocalSwiftPackageReference section */
		A1B2C3D4E5F6000000000028 /* XCLocalSwiftPackageReference "TonneCore" */ = {
			isa = XCLocalSwiftPackageReference;
			relativePath = TonneCore;
		};
/* End XCLocalSwiftPackageReference section */

/* Begin XCSwiftPackageProductDependency section */
		A1B2C3D4E5F6000000000029 /* TonneCore */ = {
			isa = XCSwiftPackageProductDependency;
			productName = TonneCore;
		};
		A1B2C3D4E5F600000000002A /* TonneCore */ = {
			isa = XCSwiftPackageProductDependency;
			productName = TonneCore;
		};
		A1B2C3D4E5F600000000005C /* TonneCore */ = {
			isa = XCSwiftPackageProductDependency;
			productName = TonneCore;
		};
		A1B2C3D4E5F6000000000071 /* TonneCore */ = {
			isa = XCSwiftPackageProductDependency;
			productName = TonneCore;
		};
/* End XCSwiftPackageProductDependency section */
	};
	rootObject = A1B2C3D4E5F600000000000A /* Project object */;
}
